// !$*UTF8*$!
{
	archiveVersion = 1;
	classes = {
	};
	objectVersion = 52;
	objects = {

/* Begin PBXBuildFile section */
		1FEE37546557BDE578F6A071 /* Pods_Sosnick_App.framework in Frameworks */ = {isa = PBXBuildFile; fileRef = C79DC31F875FF55F7DFB2F73 /* Pods_Sosnick_App.framework */; };
		96021C9923B1E01B0061AB15 /* MessageCell.xib in Resources */ = {isa = PBXBuildFile; fileRef = 96021C9823B1E01B0061AB15 /* MessageCell.xib */; };
		960BBCA523B5C262008A5B24 /* OAuth2 in Frameworks */ = {isa = PBXBuildFile; productRef = 960BBCA423B5C262008A5B24 /* OAuth2 */; };
		960BBCEB23B6E93A008A5B24 /* TestingViewController.swift in Sources */ = {isa = PBXBuildFile; fileRef = 960BBCEA23B6E939008A5B24 /* TestingViewController.swift */; };
		960E19D9235E2BC200E29D05 /* SCKNewsViewController.swift in Sources */ = {isa = PBXBuildFile; fileRef = 960E19D8235E2BC200E29D05 /* SCKNewsViewController.swift */; };
		960E19DB235E2C0D00E29D05 /* MassCommunicationViewController.swift in Sources */ = {isa = PBXBuildFile; fileRef = 960E19DA235E2C0D00E29D05 /* MassCommunicationViewController.swift */; };
		960E19DD23668F0300E29D05 /* SCKNewsFeedCell.swift in Sources */ = {isa = PBXBuildFile; fileRef = 960E19DC23668F0300E29D05 /* SCKNewsFeedCell.swift */; };
		960E2BAE22FC853E00D934D1 /* ForgotPasswordViewController.swift in Sources */ = {isa = PBXBuildFile; fileRef = 960E2BAD22FC853E00D934D1 /* ForgotPasswordViewController.swift */; };
		962FC84122BA149300C57190 /* SecondViewController.swift in Sources */ = {isa = PBXBuildFile; fileRef = 962FC84022BA149300C57190 /* SecondViewController.swift */; };
		962FC84922BC9F3D00C57190 /* GoogleService-Info.plist in Resources */ = {isa = PBXBuildFile; fileRef = 962FC84822BC9F3D00C57190 /* GoogleService-Info.plist */; };
		9630BA2F231DB1E4003D9C58 /* AdminNewsViewController.swift in Sources */ = {isa = PBXBuildFile; fileRef = 9630BA2E231DB1E4003D9C58 /* AdminNewsViewController.swift */; };
		964B6EC522C49A4D003C9A31 /* Request.swift in Sources */ = {isa = PBXBuildFile; fileRef = 964B6EC422C49A4D003C9A31 /* Request.swift */; };
		964B6ECD22CBD0E1003C9A31 /* RequestViewController.swift in Sources */ = {isa = PBXBuildFile; fileRef = 964B6ECC22CBD0E1003C9A31 /* RequestViewController.swift */; };
		964B6ECF22CD5A8E003C9A31 /* RequestTableViewCell.swift in Sources */ = {isa = PBXBuildFile; fileRef = 964B6ECE22CD5A8D003C9A31 /* RequestTableViewCell.swift */; };
		9659FCD223105DF2000D6C3A /* UploadToSocialViewController.swift in Sources */ = {isa = PBXBuildFile; fileRef = 9659FCD123105DF2000D6C3A /* UploadToSocialViewController.swift */; };
		9659FCD42311CFF6000D6C3A /* PostCell.swift in Sources */ = {isa = PBXBuildFile; fileRef = 9659FCD32311CFF6000D6C3A /* PostCell.swift */; };
		9659FCD82311D11D000D6C3A /* Post.swift in Sources */ = {isa = PBXBuildFile; fileRef = 9659FCD72311D11D000D6C3A /* Post.swift */; };
		9659FCDC2311E0B7000D6C3A /* ImageViewExtension.swift in Sources */ = {isa = PBXBuildFile; fileRef = 9659FCDB2311E0B7000D6C3A /* ImageViewExtension.swift */; };
		9659FCDE231670F6000D6C3A /* PlayersTableViewCell.swift in Sources */ = {isa = PBXBuildFile; fileRef = 9659FCDD231670F6000D6C3A /* PlayersTableViewCell.swift */; };
		9659FCE023167203000D6C3A /* AdminPlayersViewController.swift in Sources */ = {isa = PBXBuildFile; fileRef = 9659FCDF23167203000D6C3A /* AdminPlayersViewController.swift */; };
		9659FCE223167876000D6C3A /* Player.swift in Sources */ = {isa = PBXBuildFile; fileRef = 9659FCE123167876000D6C3A /* Player.swift */; };
		9659FCE4231765F4000D6C3A /* PlayerProfileInfoViewController.swift in Sources */ = {isa = PBXBuildFile; fileRef = 9659FCE3231765F4000D6C3A /* PlayerProfileInfoViewController.swift */; };
		965F3FC322E569FD006A6A26 /* CreateUserViewController.swift in Sources */ = {isa = PBXBuildFile; fileRef = 965F3FC222E569FD006A6A26 /* CreateUserViewController.swift */; };
		965F3FCA22E6DFD8006A6A26 /* StyleButton.swift in Sources */ = {isa = PBXBuildFile; fileRef = 965F3FC922E6DFD8006A6A26 /* StyleButton.swift */; };
		965F3FCC22E6F8DC006A6A26 /* Message.swift in Sources */ = {isa = PBXBuildFile; fileRef = 965F3FCB22E6F8DC006A6A26 /* Message.swift */; };
		965F3FD122E95DA7006A6A26 /* CustomMessageCell.swift in Sources */ = {isa = PBXBuildFile; fileRef = 965F3FCF22E95DA7006A6A26 /* CustomMessageCell.swift */; };
		9660875C232982C100C440C4 /* viewExtension.swift in Sources */ = {isa = PBXBuildFile; fileRef = 9660875B232982C100C440C4 /* viewExtension.swift */; };
		9660875E232ACA9800C440C4 /* ErrorExtension.swift in Sources */ = {isa = PBXBuildFile; fileRef = 9660875D232ACA9800C440C4 /* ErrorExtension.swift */; };
		969CCAA823061E7D00DEBD75 /* NewsViewController.swift in Sources */ = {isa = PBXBuildFile; fileRef = 969CCAA723061E7D00DEBD75 /* NewsViewController.swift */; };
		969CCAAA23061EB900DEBD75 /* CompletedRequestsViewController.swift in Sources */ = {isa = PBXBuildFile; fileRef = 969CCAA923061EB900DEBD75 /* CompletedRequestsViewController.swift */; };
		969CCAAC23061F0B00DEBD75 /* ProfileViewController.swift in Sources */ = {isa = PBXBuildFile; fileRef = 969CCAAB23061F0B00DEBD75 /* ProfileViewController.swift */; };
		969CCAAE2307AAE800DEBD75 /* TabBarControllerViewController.swift in Sources */ = {isa = PBXBuildFile; fileRef = 969CCAAD2307AAE800DEBD75 /* TabBarControllerViewController.swift */; };
		969CCAB02307B5FC00DEBD75 /* AdminTabBarControllerViewController.swift in Sources */ = {isa = PBXBuildFile; fileRef = 969CCAAF2307B5FC00DEBD75 /* AdminTabBarControllerViewController.swift */; };
		969CCAB2230BD66000DEBD75 /* CompletedRequestsTableViewCell.swift in Sources */ = {isa = PBXBuildFile; fileRef = 969CCAB1230BD66000DEBD75 /* CompletedRequestsTableViewCell.swift */; };
		969CCAB4230D15FB00DEBD75 /* imageViewCircle.swift in Sources */ = {isa = PBXBuildFile; fileRef = 969CCAB3230D15FA00DEBD75 /* imageViewCircle.swift */; };
		96C3630922D563E5007762B4 /* backgroundExtension.swift in Sources */ = {isa = PBXBuildFile; fileRef = 96C3630822D563E5007762B4 /* backgroundExtension.swift */; };
		96C3630B22D7F130007762B4 /* InfoViewController.swift in Sources */ = {isa = PBXBuildFile; fileRef = 96C3630A22D7F130007762B4 /* InfoViewController.swift */; };
		96C3630F22DB8AA2007762B4 /* AdminViewController.swift in Sources */ = {isa = PBXBuildFile; fileRef = 96C3630E22DB8AA1007762B4 /* AdminViewController.swift */; };
		96C3631522DD6F82007762B4 /* AdminTableViewCell.swift in Sources */ = {isa = PBXBuildFile; fileRef = 96C3631422DD6F82007762B4 /* AdminTableViewCell.swift */; };
		96C3631922DED537007762B4 /* AdminRequestInfoViewController.swift in Sources */ = {isa = PBXBuildFile; fileRef = 96C3631822DED537007762B4 /* AdminRequestInfoViewController.swift */; };
		96C3631B22DFCAA6007762B4 /* MessagesViewController.swift in Sources */ = {isa = PBXBuildFile; fileRef = 96C3631A22DFCAA6007762B4 /* MessagesViewController.swift */; };
		96C3631D22E038A7007762B4 /* UserMessagesViewController.swift in Sources */ = {isa = PBXBuildFile; fileRef = 96C3631C22E038A7007762B4 /* UserMessagesViewController.swift */; };
		96E9820322BA070900FA5D93 /* AppDelegate.swift in Sources */ = {isa = PBXBuildFile; fileRef = 96E9820222BA070900FA5D93 /* AppDelegate.swift */; };
		96E9820522BA070900FA5D93 /* ViewController.swift in Sources */ = {isa = PBXBuildFile; fileRef = 96E9820422BA070900FA5D93 /* ViewController.swift */; };
		96E9820822BA070900FA5D93 /* Main.storyboard in Resources */ = {isa = PBXBuildFile; fileRef = 96E9820622BA070900FA5D93 /* Main.storyboard */; };
		96E9820A22BA070B00FA5D93 /* Assets.xcassets in Resources */ = {isa = PBXBuildFile; fileRef = 96E9820922BA070B00FA5D93 /* Assets.xcassets */; };
		96E9820D22BA070B00FA5D93 /* LaunchScreen.storyboard in Resources */ = {isa = PBXBuildFile; fileRef = 96E9820B22BA070B00FA5D93 /* LaunchScreen.storyboard */; };
		96F67C37231E2121007D088A /* AdminPostCell.swift in Sources */ = {isa = PBXBuildFile; fileRef = 96F67C36231E2121007D088A /* AdminPostCell.swift */; };
		96F67C3B231EE6D2007D088A /* PopoverViewController.swift in Sources */ = {isa = PBXBuildFile; fileRef = 96F67C3A231EE6D2007D088A /* PopoverViewController.swift */; };
/* End PBXBuildFile section */

/* Begin PBXFileReference section */
		47D840DE32F25F91AB41D029 /* Pods-Sosnick App.debug.xcconfig */ = {isa = PBXFileReference; includeInIndex = 1; lastKnownFileType = text.xcconfig; name = "Pods-Sosnick App.debug.xcconfig"; path = "Target Support Files/Pods-Sosnick App/Pods-Sosnick App.debug.xcconfig"; sourceTree = "<group>"; };
		8A940AC81FBA6FFF33DB7319 /* Pods-Sosnick App.release.xcconfig */ = {isa = PBXFileReference; includeInIndex = 1; lastKnownFileType = text.xcconfig; name = "Pods-Sosnick App.release.xcconfig"; path = "Target Support Files/Pods-Sosnick App/Pods-Sosnick App.release.xcconfig"; sourceTree = "<group>"; };
		96021C9823B1E01B0061AB15 /* MessageCell.xib */ = {isa = PBXFileReference; fileEncoding = 4; lastKnownFileType = file.xib; name = MessageCell.xib; path = ../../../../Desktop/MessageCell.xib; sourceTree = "<group>"; };
		960BBCEA23B6E939008A5B24 /* TestingViewController.swift */ = {isa = PBXFileReference; fileEncoding = 4; lastKnownFileType = sourcecode.swift; path = TestingViewController.swift; sourceTree = "<group>"; };
		960E19D8235E2BC200E29D05 /* SCKNewsViewController.swift */ = {isa = PBXFileReference; lastKnownFileType = sourcecode.swift; path = SCKNewsViewController.swift; sourceTree = "<group>"; };
		960E19DA235E2C0D00E29D05 /* MassCommunicationViewController.swift */ = {isa = PBXFileReference; lastKnownFileType = sourcecode.swift; path = MassCommunicationViewController.swift; sourceTree = "<group>"; };
		960E19DC23668F0300E29D05 /* SCKNewsFeedCell.swift */ = {isa = PBXFileReference; lastKnownFileType = sourcecode.swift; path = SCKNewsFeedCell.swift; sourceTree = "<group>"; };
		960E2BAD22FC853E00D934D1 /* ForgotPasswordViewController.swift */ = {isa = PBXFileReference; lastKnownFileType = sourcecode.swift; path = ForgotPasswordViewController.swift; sourceTree = "<group>"; };
		962FC84022BA149300C57190 /* SecondViewController.swift */ = {isa = PBXFileReference; lastKnownFileType = sourcecode.swift; path = SecondViewController.swift; sourceTree = "<group>"; };
		962FC84822BC9F3D00C57190 /* GoogleService-Info.plist */ = {isa = PBXFileReference; fileEncoding = 4; lastKnownFileType = text.plist.xml; path = "GoogleService-Info.plist"; sourceTree = "<group>"; };
		9630BA2E231DB1E4003D9C58 /* AdminNewsViewController.swift */ = {isa = PBXFileReference; lastKnownFileType = sourcecode.swift; path = AdminNewsViewController.swift; sourceTree = "<group>"; };
		964B6EC422C49A4D003C9A31 /* Request.swift */ = {isa = PBXFileReference; lastKnownFileType = sourcecode.swift; path = Request.swift; sourceTree = "<group>"; };
		964B6ECC22CBD0E1003C9A31 /* RequestViewController.swift */ = {isa = PBXFileReference; lastKnownFileType = sourcecode.swift; path = RequestViewController.swift; sourceTree = "<group>"; wrapsLines = 0; };
		964B6ECE22CD5A8D003C9A31 /* RequestTableViewCell.swift */ = {isa = PBXFileReference; lastKnownFileType = sourcecode.swift; path = RequestTableViewCell.swift; sourceTree = "<group>"; };
		9659FCD123105DF2000D6C3A /* UploadToSocialViewController.swift */ = {isa = PBXFileReference; lastKnownFileType = sourcecode.swift; path = UploadToSocialViewController.swift; sourceTree = "<group>"; };
		9659FCD32311CFF6000D6C3A /* PostCell.swift */ = {isa = PBXFileReference; lastKnownFileType = sourcecode.swift; path = PostCell.swift; sourceTree = "<group>"; };
		9659FCD72311D11D000D6C3A /* Post.swift */ = {isa = PBXFileReference; fileEncoding = 4; lastKnownFileType = sourcecode.swift; path = Post.swift; sourceTree = "<group>"; };
		9659FCDB2311E0B7000D6C3A /* ImageViewExtension.swift */ = {isa = PBXFileReference; fileEncoding = 4; lastKnownFileType = sourcecode.swift; path = ImageViewExtension.swift; sourceTree = "<group>"; };
		9659FCDD231670F6000D6C3A /* PlayersTableViewCell.swift */ = {isa = PBXFileReference; lastKnownFileType = sourcecode.swift; path = PlayersTableViewCell.swift; sourceTree = "<group>"; };
		9659FCDF23167203000D6C3A /* AdminPlayersViewController.swift */ = {isa = PBXFileReference; lastKnownFileType = sourcecode.swift; path = AdminPlayersViewController.swift; sourceTree = "<group>"; };
		9659FCE123167876000D6C3A /* Player.swift */ = {isa = PBXFileReference; lastKnownFileType = sourcecode.swift; path = Player.swift; sourceTree = "<group>"; };
		9659FCE3231765F4000D6C3A /* PlayerProfileInfoViewController.swift */ = {isa = PBXFileReference; lastKnownFileType = sourcecode.swift; path = PlayerProfileInfoViewController.swift; sourceTree = "<group>"; };
		965F3FC222E569FD006A6A26 /* CreateUserViewController.swift */ = {isa = PBXFileReference; lastKnownFileType = sourcecode.swift; path = CreateUserViewController.swift; sourceTree = "<group>"; };
		965F3FC922E6DFD8006A6A26 /* StyleButton.swift */ = {isa = PBXFileReference; lastKnownFileType = sourcecode.swift; path = StyleButton.swift; sourceTree = "<group>"; };
		965F3FCB22E6F8DC006A6A26 /* Message.swift */ = {isa = PBXFileReference; lastKnownFileType = sourcecode.swift; path = Message.swift; sourceTree = "<group>"; };
		965F3FCF22E95DA7006A6A26 /* CustomMessageCell.swift */ = {isa = PBXFileReference; fileEncoding = 4; lastKnownFileType = sourcecode.swift; path = CustomMessageCell.swift; sourceTree = "<group>"; };
		965F3FD322F00052006A6A26 /* Sosnick App.entitlements */ = {isa = PBXFileReference; lastKnownFileType = text.plist.entitlements; path = "Sosnick App.entitlements"; sourceTree = "<group>"; };
		9660875B232982C100C440C4 /* viewExtension.swift */ = {isa = PBXFileReference; lastKnownFileType = sourcecode.swift; path = viewExtension.swift; sourceTree = "<group>"; };
		9660875D232ACA9800C440C4 /* ErrorExtension.swift */ = {isa = PBXFileReference; lastKnownFileType = sourcecode.swift; name = ErrorExtension.swift; path = adminVCFiles/ErrorExtension.swift; sourceTree = "<group>"; };
		969CCAA723061E7D00DEBD75 /* NewsViewController.swift */ = {isa = PBXFileReference; lastKnownFileType = sourcecode.swift; path = NewsViewController.swift; sourceTree = "<group>"; };
		969CCAA923061EB900DEBD75 /* CompletedRequestsViewController.swift */ = {isa = PBXFileReference; lastKnownFileType = sourcecode.swift; path = CompletedRequestsViewController.swift; sourceTree = "<group>"; };
		969CCAAB23061F0B00DEBD75 /* ProfileViewController.swift */ = {isa = PBXFileReference; lastKnownFileType = sourcecode.swift; path = ProfileViewController.swift; sourceTree = "<group>"; };
		969CCAAD2307AAE800DEBD75 /* TabBarControllerViewController.swift */ = {isa = PBXFileReference; lastKnownFileType = sourcecode.swift; path = TabBarControllerViewController.swift; sourceTree = "<group>"; };
		969CCAAF2307B5FC00DEBD75 /* AdminTabBarControllerViewController.swift */ = {isa = PBXFileReference; lastKnownFileType = sourcecode.swift; path = AdminTabBarControllerViewController.swift; sourceTree = "<group>"; };
		969CCAB1230BD66000DEBD75 /* CompletedRequestsTableViewCell.swift */ = {isa = PBXFileReference; lastKnownFileType = sourcecode.swift; path = CompletedRequestsTableViewCell.swift; sourceTree = "<group>"; };
		969CCAB3230D15FA00DEBD75 /* imageViewCircle.swift */ = {isa = PBXFileReference; lastKnownFileType = sourcecode.swift; path = imageViewCircle.swift; sourceTree = "<group>"; };
		96C3630822D563E5007762B4 /* backgroundExtension.swift */ = {isa = PBXFileReference; lastKnownFileType = sourcecode.swift; path = backgroundExtension.swift; sourceTree = "<group>"; };
		96C3630A22D7F130007762B4 /* InfoViewController.swift */ = {isa = PBXFileReference; lastKnownFileType = sourcecode.swift; path = InfoViewController.swift; sourceTree = "<group>"; };
		96C3630E22DB8AA1007762B4 /* AdminViewController.swift */ = {isa = PBXFileReference; lastKnownFileType = sourcecode.swift; path = AdminViewController.swift; sourceTree = "<group>"; };
		96C3631422DD6F82007762B4 /* AdminTableViewCell.swift */ = {isa = PBXFileReference; lastKnownFileType = sourcecode.swift; path = AdminTableViewCell.swift; sourceTree = "<group>"; };
		96C3631822DED537007762B4 /* AdminRequestInfoViewController.swift */ = {isa = PBXFileReference; lastKnownFileType = sourcecode.swift; path = AdminRequestInfoViewController.swift; sourceTree = "<group>"; };
		96C3631A22DFCAA6007762B4 /* MessagesViewController.swift */ = {isa = PBXFileReference; lastKnownFileType = sourcecode.swift; path = MessagesViewController.swift; sourceTree = "<group>"; };
		96C3631C22E038A7007762B4 /* UserMessagesViewController.swift */ = {isa = PBXFileReference; lastKnownFileType = sourcecode.swift; path = UserMessagesViewController.swift; sourceTree = "<group>"; };
		96E981FF22BA070900FA5D93 /* Apex Baseball.app */ = {isa = PBXFileReference; explicitFileType = wrapper.application; includeInIndex = 0; path = "Apex Baseball.app"; sourceTree = BUILT_PRODUCTS_DIR; };
		96E9820222BA070900FA5D93 /* AppDelegate.swift */ = {isa = PBXFileReference; lastKnownFileType = sourcecode.swift; path = AppDelegate.swift; sourceTree = "<group>"; };
		96E9820422BA070900FA5D93 /* ViewController.swift */ = {isa = PBXFileReference; lastKnownFileType = sourcecode.swift; path = ViewController.swift; sourceTree = "<group>"; };
		96E9820722BA070900FA5D93 /* Base */ = {isa = PBXFileReference; lastKnownFileType = file.storyboard; name = Base; path = Base.lproj/Main.storyboard; sourceTree = "<group>"; };
		96E9820922BA070B00FA5D93 /* Assets.xcassets */ = {isa = PBXFileReference; lastKnownFileType = folder.assetcatalog; path = Assets.xcassets; sourceTree = "<group>"; };
		96E9820C22BA070B00FA5D93 /* Base */ = {isa = PBXFileReference; lastKnownFileType = file.storyboard; name = Base; path = Base.lproj/LaunchScreen.storyboard; sourceTree = "<group>"; };
		96E9820E22BA070B00FA5D93 /* Info.plist */ = {isa = PBXFileReference; lastKnownFileType = text.plist.xml; path = Info.plist; sourceTree = "<group>"; };
		96F67C36231E2121007D088A /* AdminPostCell.swift */ = {isa = PBXFileReference; lastKnownFileType = sourcecode.swift; path = AdminPostCell.swift; sourceTree = "<group>"; };
		96F67C3A231EE6D2007D088A /* PopoverViewController.swift */ = {isa = PBXFileReference; lastKnownFileType = sourcecode.swift; path = PopoverViewController.swift; sourceTree = "<group>"; };
		C79DC31F875FF55F7DFB2F73 /* Pods_Sosnick_App.framework */ = {isa = PBXFileReference; explicitFileType = wrapper.framework; includeInIndex = 0; path = Pods_Sosnick_App.framework; sourceTree = BUILT_PRODUCTS_DIR; };
/* End PBXFileReference section */

/* Begin PBXFrameworksBuildPhase section */
		96E981FC22BA070900FA5D93 /* Frameworks */ = {
			isa = PBXFrameworksBuildPhase;
			buildActionMask = 2147483647;
			files = (
				1FEE37546557BDE578F6A071 /* Pods_Sosnick_App.framework in Frameworks */,
				960BBCA523B5C262008A5B24 /* OAuth2 in Frameworks */,
			);
			runOnlyForDeploymentPostprocessing = 0;
		};
/* End PBXFrameworksBuildPhase section */

/* Begin PBXGroup section */
		4EA19B6E86920D5D4FFDEF4C /* Pods */ = {
			isa = PBXGroup;
			children = (
				47D840DE32F25F91AB41D029 /* Pods-Sosnick App.debug.xcconfig */,
				8A940AC81FBA6FFF33DB7319 /* Pods-Sosnick App.release.xcconfig */,
			);
			path = Pods;
			sourceTree = "<group>";
		};
		964B6EC322C49A07003C9A31 /* Model */ = {
			isa = PBXGroup;
			children = (
				964B6EC422C49A4D003C9A31 /* Request.swift */,
				965F3FCB22E6F8DC006A6A26 /* Message.swift */,
				9659FCD72311D11D000D6C3A /* Post.swift */,
				9659FCE123167876000D6C3A /* Player.swift */,
			);
			path = Model;
			sourceTree = "<group>";
		};
		965F3FC522E56B9F006A6A26 /* adminVCFiles */ = {
			isa = PBXGroup;
			children = (
				969CCAAF2307B5FC00DEBD75 /* AdminTabBarControllerViewController.swift */,
				96C3631A22DFCAA6007762B4 /* MessagesViewController.swift */,
				96C3631822DED537007762B4 /* AdminRequestInfoViewController.swift */,
				965F3FC222E569FD006A6A26 /* CreateUserViewController.swift */,
				96C3630E22DB8AA1007762B4 /* AdminViewController.swift */,
				9659FCD123105DF2000D6C3A /* UploadToSocialViewController.swift */,
				9630BA2E231DB1E4003D9C58 /* AdminNewsViewController.swift */,
				96F67C3A231EE6D2007D088A /* PopoverViewController.swift */,
				96F67C36231E2121007D088A /* AdminPostCell.swift */,
				9659FCDF23167203000D6C3A /* AdminPlayersViewController.swift */,
				9659FCDD231670F6000D6C3A /* PlayersTableViewCell.swift */,
				9659FCE3231765F4000D6C3A /* PlayerProfileInfoViewController.swift */,
				960E19D8235E2BC200E29D05 /* SCKNewsViewController.swift */,
				960E19DC23668F0300E29D05 /* SCKNewsFeedCell.swift */,
				960E19DA235E2C0D00E29D05 /* MassCommunicationViewController.swift */,
				960BBCEA23B6E939008A5B24 /* TestingViewController.swift */,
			);
			path = adminVCFiles;
			sourceTree = "<group>";
		};
		965F3FC622E56BD7006A6A26 /* userVCFiles */ = {
			isa = PBXGroup;
			children = (
				960E2BAD22FC853E00D934D1 /* ForgotPasswordViewController.swift */,
				96C3631C22E038A7007762B4 /* UserMessagesViewController.swift */,
				96C3630A22D7F130007762B4 /* InfoViewController.swift */,
				964B6ECC22CBD0E1003C9A31 /* RequestViewController.swift */,
				962FC84022BA149300C57190 /* SecondViewController.swift */,
				969CCAAD2307AAE800DEBD75 /* TabBarControllerViewController.swift */,
				969CCAA723061E7D00DEBD75 /* NewsViewController.swift */,
				9659FCD32311CFF6000D6C3A /* PostCell.swift */,
				969CCAA923061EB900DEBD75 /* CompletedRequestsViewController.swift */,
				969CCAAB23061F0B00DEBD75 /* ProfileViewController.swift */,
			);
			path = userVCFiles;
			sourceTree = "<group>";
		};
		965F3FC822E6DF7E006A6A26 /* CustomViews */ = {
			isa = PBXGroup;
			children = (
				965F3FC922E6DFD8006A6A26 /* StyleButton.swift */,
			);
			path = CustomViews;
			sourceTree = "<group>";
		};
		96E981F622BA070900FA5D93 = {
			isa = PBXGroup;
			children = (
				96E9820122BA070900FA5D93 /* Sosnick App */,
				96E9820022BA070900FA5D93 /* Products */,
				4EA19B6E86920D5D4FFDEF4C /* Pods */,
				D27AF4FF8B6C97F8AFEA264A /* Frameworks */,
			);
			sourceTree = "<group>";
		};
		96E9820022BA070900FA5D93 /* Products */ = {
			isa = PBXGroup;
			children = (
				96E981FF22BA070900FA5D93 /* Apex Baseball.app */,
			);
			name = Products;
			sourceTree = "<group>";
		};
		96E9820122BA070900FA5D93 /* Sosnick App */ = {
			isa = PBXGroup;
			children = (
				965F3FD322F00052006A6A26 /* Sosnick App.entitlements */,
				965F3FC822E6DF7E006A6A26 /* CustomViews */,
				96E9820222BA070900FA5D93 /* AppDelegate.swift */,
				96E9820422BA070900FA5D93 /* ViewController.swift */,
				965F3FC522E56B9F006A6A26 /* adminVCFiles */,
				965F3FC622E56BD7006A6A26 /* userVCFiles */,
				964B6EC322C49A07003C9A31 /* Model */,
				96E9820622BA070900FA5D93 /* Main.storyboard */,
				9660875D232ACA9800C440C4 /* ErrorExtension.swift */,
				965F3FCF22E95DA7006A6A26 /* CustomMessageCell.swift */,
				96021C9823B1E01B0061AB15 /* MessageCell.xib */,
				9660875B232982C100C440C4 /* viewExtension.swift */,
				96C3630822D563E5007762B4 /* backgroundExtension.swift */,
				969CCAB3230D15FA00DEBD75 /* imageViewCircle.swift */,
				9659FCDB2311E0B7000D6C3A /* ImageViewExtension.swift */,
				964B6ECE22CD5A8D003C9A31 /* RequestTableViewCell.swift */,
				969CCAB1230BD66000DEBD75 /* CompletedRequestsTableViewCell.swift */,
				96C3631422DD6F82007762B4 /* AdminTableViewCell.swift */,
				96E9820922BA070B00FA5D93 /* Assets.xcassets */,
				96E9820B22BA070B00FA5D93 /* LaunchScreen.storyboard */,
				96E9820E22BA070B00FA5D93 /* Info.plist */,
				962FC84822BC9F3D00C57190 /* GoogleService-Info.plist */,
			);
			path = "Sosnick App";
			sourceTree = "<group>";
		};
		D27AF4FF8B6C97F8AFEA264A /* Frameworks */ = {
			isa = PBXGroup;
			children = (
				C79DC31F875FF55F7DFB2F73 /* Pods_Sosnick_App.framework */,
			);
			name = Frameworks;
			sourceTree = "<group>";
		};
/* End PBXGroup section */

/* Begin PBXNativeTarget section */
		96E981FE22BA070900FA5D93 /* Apex Baseball */ = {
			isa = PBXNativeTarget;
			buildConfigurationList = 96E9821122BA070B00FA5D93 /* Build configuration list for PBXNativeTarget "Apex Baseball" */;
			buildPhases = (
				5B13B15F2213A77129FFA25E /* [CP] Check Pods Manifest.lock */,
				96E981FB22BA070900FA5D93 /* Sources */,
				96E981FC22BA070900FA5D93 /* Frameworks */,
				96E981FD22BA070900FA5D93 /* Resources */,
				45F3BC0C0F6E080447BDE2BD /* [CP] Embed Pods Frameworks */,
				9660875F2331C43D00C440C4 /* ShellScript */,
			);
			buildRules = (
			);
			dependencies = (
			);
			name = "Apex Baseball";
			packageProductDependencies = (
				960BBCA423B5C262008A5B24 /* OAuth2 */,
			);
			productName = "Sosnick App";
			productReference = 96E981FF22BA070900FA5D93 /* Apex Baseball.app */;
			productType = "com.apple.product-type.application";
		};
/* End PBXNativeTarget section */

/* Begin PBXProject section */
		96E981F722BA070900FA5D93 /* Project object */ = {
			isa = PBXProject;
			attributes = {
				LastSwiftUpdateCheck = 1020;
				LastUpgradeCheck = 1020;
				ORGANIZATIONNAME = "Daniel Ydens";
				TargetAttributes = {
					96E981FE22BA070900FA5D93 = {
						CreatedOnToolsVersion = 10.2.1;
						SystemCapabilities = {
							com.apple.Push = {
								enabled = 1;
							};
						};
					};
				};
			};
			buildConfigurationList = 96E981FA22BA070900FA5D93 /* Build configuration list for PBXProject "Apex Baseball" */;
			compatibilityVersion = "Xcode 9.3";
			developmentRegion = en;
			hasScannedForEncodings = 0;
			knownRegions = (
				en,
				Base,
			);
			mainGroup = 96E981F622BA070900FA5D93;
			packageReferences = (
				960BBCA323B5C262008A5B24 /* XCRemoteSwiftPackageReference "OAuth2" */,
			);
			productRefGroup = 96E9820022BA070900FA5D93 /* Products */;
			projectDirPath = "";
			projectRoot = "";
			targets = (
				96E981FE22BA070900FA5D93 /* Apex Baseball */,
			);
		};
/* End PBXProject section */

/* Begin PBXResourcesBuildPhase section */
		96E981FD22BA070900FA5D93 /* Resources */ = {
			isa = PBXResourcesBuildPhase;
			buildActionMask = 2147483647;
			files = (
				96021C9923B1E01B0061AB15 /* MessageCell.xib in Resources */,
				96E9820D22BA070B00FA5D93 /* LaunchScreen.storyboard in Resources */,
				962FC84922BC9F3D00C57190 /* GoogleService-Info.plist in Resources */,
				96E9820A22BA070B00FA5D93 /* Assets.xcassets in Resources */,
				96E9820822BA070900FA5D93 /* Main.storyboard in Resources */,
			);
			runOnlyForDeploymentPostprocessing = 0;
		};
/* End PBXResourcesBuildPhase section */

/* Begin PBXShellScriptBuildPhase section */
		45F3BC0C0F6E080447BDE2BD /* [CP] Embed Pods Frameworks */ = {
			isa = PBXShellScriptBuildPhase;
			buildActionMask = 2147483647;
			files = (
			);
			inputFileListPaths = (
				"${PODS_ROOT}/Target Support Files/Pods-Sosnick App/Pods-Sosnick App-frameworks-${CONFIGURATION}-input-files.xcfilelist",
			);
			name = "[CP] Embed Pods Frameworks";
			outputFileListPaths = (
				"${PODS_ROOT}/Target Support Files/Pods-Sosnick App/Pods-Sosnick App-frameworks-${CONFIGURATION}-output-files.xcfilelist",
			);
			runOnlyForDeploymentPostprocessing = 0;
			shellPath = /bin/sh;
			shellScript = "\"${PODS_ROOT}/Target Support Files/Pods-Sosnick App/Pods-Sosnick App-frameworks.sh\"\n";
			showEnvVarsInLog = 0;
		};
		5B13B15F2213A77129FFA25E /* [CP] Check Pods Manifest.lock */ = {
			isa = PBXShellScriptBuildPhase;
			buildActionMask = 2147483647;
			files = (
			);
			inputFileListPaths = (
			);
			inputPaths = (
				"${PODS_PODFILE_DIR_PATH}/Podfile.lock",
				"${PODS_ROOT}/Manifest.lock",
			);
			name = "[CP] Check Pods Manifest.lock";
			outputFileListPaths = (
			);
			outputPaths = (
				"$(DERIVED_FILE_DIR)/Pods-Sosnick App-checkManifestLockResult.txt",
			);
			runOnlyForDeploymentPostprocessing = 0;
			shellPath = /bin/sh;
			shellScript = "diff \"${PODS_PODFILE_DIR_PATH}/Podfile.lock\" \"${PODS_ROOT}/Manifest.lock\" > /dev/null\nif [ $? != 0 ] ; then\n    # print error to STDERR\n    echo \"error: The sandbox is not in sync with the Podfile.lock. Run 'pod install' or update your CocoaPods installation.\" >&2\n    exit 1\nfi\n# This output is used by Xcode 'outputs' to avoid re-running this script phase.\necho \"SUCCESS\" > \"${SCRIPT_OUTPUT_FILE_0}\"\n";
			showEnvVarsInLog = 0;
		};
		9660875F2331C43D00C440C4 /* ShellScript */ = {
			isa = PBXShellScriptBuildPhase;
			buildActionMask = 2147483647;
			files = (
			);
			inputFileListPaths = (
			);
			inputPaths = (
				"$(SRCROOT)/$(BUILT_PRODUCTS_DIR)/$(INFOPLIST_PATH)",
			);
			outputFileListPaths = (
			);
			outputPaths = (
			);
			runOnlyForDeploymentPostprocessing = 0;
			shellPath = /bin/sh;
			shellScript = "# Type a script or drag a script file from your workspace to insert its path.\n\"${PODS_ROOT}/Fabric/run\"\n";
		};
/* End PBXShellScriptBuildPhase section */

/* Begin PBXSourcesBuildPhase section */
		96E981FB22BA070900FA5D93 /* Sources */ = {
			isa = PBXSourcesBuildPhase;
			buildActionMask = 2147483647;
			files = (
				96C3630F22DB8AA2007762B4 /* AdminViewController.swift in Sources */,
				962FC84122BA149300C57190 /* SecondViewController.swift in Sources */,
				9659FCE4231765F4000D6C3A /* PlayerProfileInfoViewController.swift in Sources */,
				960E19D9235E2BC200E29D05 /* SCKNewsViewController.swift in Sources */,
				964B6EC522C49A4D003C9A31 /* Request.swift in Sources */,
				969CCAB2230BD66000DEBD75 /* CompletedRequestsTableViewCell.swift in Sources */,
				969CCAB4230D15FB00DEBD75 /* imageViewCircle.swift in Sources */,
				9659FCD42311CFF6000D6C3A /* PostCell.swift in Sources */,
				965F3FCC22E6F8DC006A6A26 /* Message.swift in Sources */,
				960E19DB235E2C0D00E29D05 /* MassCommunicationViewController.swift in Sources */,
				964B6ECD22CBD0E1003C9A31 /* RequestViewController.swift in Sources */,
				9659FCDE231670F6000D6C3A /* PlayersTableViewCell.swift in Sources */,
				96E9820522BA070900FA5D93 /* ViewController.swift in Sources */,
				969CCAAA23061EB900DEBD75 /* CompletedRequestsViewController.swift in Sources */,
				96C3631522DD6F82007762B4 /* AdminTableViewCell.swift in Sources */,
				9660875C232982C100C440C4 /* viewExtension.swift in Sources */,
				969CCAAE2307AAE800DEBD75 /* TabBarControllerViewController.swift in Sources */,
				969CCAB02307B5FC00DEBD75 /* AdminTabBarControllerViewController.swift in Sources */,
				969CCAA823061E7D00DEBD75 /* NewsViewController.swift in Sources */,
				96C3631D22E038A7007762B4 /* UserMessagesViewController.swift in Sources */,
				96C3631B22DFCAA6007762B4 /* MessagesViewController.swift in Sources */,
				960BBCEB23B6E93A008A5B24 /* TestingViewController.swift in Sources */,
				965F3FCA22E6DFD8006A6A26 /* StyleButton.swift in Sources */,
				96C3630922D563E5007762B4 /* backgroundExtension.swift in Sources */,
				965F3FD122E95DA7006A6A26 /* CustomMessageCell.swift in Sources */,
				9659FCE223167876000D6C3A /* Player.swift in Sources */,
				9659FCDC2311E0B7000D6C3A /* ImageViewExtension.swift in Sources */,
				9659FCD82311D11D000D6C3A /* Post.swift in Sources */,
				96C3631922DED537007762B4 /* AdminRequestInfoViewController.swift in Sources */,
				965F3FC322E569FD006A6A26 /* CreateUserViewController.swift in Sources */,
				960E2BAE22FC853E00D934D1 /* ForgotPasswordViewController.swift in Sources */,
				960E19DD23668F0300E29D05 /* SCKNewsFeedCell.swift in Sources */,
				9660875E232ACA9800C440C4 /* ErrorExtension.swift in Sources */,
				96F67C3B231EE6D2007D088A /* PopoverViewController.swift in Sources */,
				9630BA2F231DB1E4003D9C58 /* AdminNewsViewController.swift in Sources */,
				96E9820322BA070900FA5D93 /* AppDelegate.swift in Sources */,
				96F67C37231E2121007D088A /* AdminPostCell.swift in Sources */,
				969CCAAC23061F0B00DEBD75 /* ProfileViewController.swift in Sources */,
				9659FCD223105DF2000D6C3A /* UploadToSocialViewController.swift in Sources */,
				9659FCE023167203000D6C3A /* AdminPlayersViewController.swift in Sources */,
				96C3630B22D7F130007762B4 /* InfoViewController.swift in Sources */,
				964B6ECF22CD5A8E003C9A31 /* RequestTableViewCell.swift in Sources */,
			);
			runOnlyForDeploymentPostprocessing = 0;
		};
/* End PBXSourcesBuildPhase section */

/* Begin PBXVariantGroup section */
		96E9820622BA070900FA5D93 /* Main.storyboard */ = {
			isa = PBXVariantGroup;
			children = (
				96E9820722BA070900FA5D93 /* Base */,
			);
			name = Main.storyboard;
			sourceTree = "<group>";
		};
		96E9820B22BA070B00FA5D93 /* LaunchScreen.storyboard */ = {
			isa = PBXVariantGroup;
			children = (
				96E9820C22BA070B00FA5D93 /* Base */,
			);
			name = LaunchScreen.storyboard;
			sourceTree = "<group>";
		};
/* End PBXVariantGroup section */

/* Begin XCBuildConfiguration section */
		96E9820F22BA070B00FA5D93 /* Debug */ = {
			isa = XCBuildConfiguration;
			buildSettings = {
				ALWAYS_SEARCH_USER_PATHS = NO;
				CLANG_ANALYZER_NONNULL = YES;
				CLANG_ANALYZER_NUMBER_OBJECT_CONVERSION = YES_AGGRESSIVE;
				CLANG_CXX_LANGUAGE_STANDARD = "gnu++14";
				CLANG_CXX_LIBRARY = "libc++";
				CLANG_ENABLE_MODULES = YES;
				CLANG_ENABLE_OBJC_ARC = YES;
				CLANG_ENABLE_OBJC_WEAK = YES;
				CLANG_WARN_BLOCK_CAPTURE_AUTORELEASING = YES;
				CLANG_WARN_BOOL_CONVERSION = YES;
				CLANG_WARN_COMMA = YES;
				CLANG_WARN_CONSTANT_CONVERSION = YES;
				CLANG_WARN_DEPRECATED_OBJC_IMPLEMENTATIONS = YES;
				CLANG_WARN_DIRECT_OBJC_ISA_USAGE = YES_ERROR;
				CLANG_WARN_DOCUMENTATION_COMMENTS = YES;
				CLANG_WARN_EMPTY_BODY = YES;
				CLANG_WARN_ENUM_CONVERSION = YES;
				CLANG_WARN_INFINITE_RECURSION = YES;
				CLANG_WARN_INT_CONVERSION = YES;
				CLANG_WARN_NON_LITERAL_NULL_CONVERSION = YES;
				CLANG_WARN_OBJC_IMPLICIT_RETAIN_SELF = YES;
				CLANG_WARN_OBJC_LITERAL_CONVERSION = YES;
				CLANG_WARN_OBJC_ROOT_CLASS = YES_ERROR;
				CLANG_WARN_RANGE_LOOP_ANALYSIS = YES;
				CLANG_WARN_STRICT_PROTOTYPES = YES;
				CLANG_WARN_SUSPICIOUS_MOVE = YES;
				CLANG_WARN_UNGUARDED_AVAILABILITY = YES_AGGRESSIVE;
				CLANG_WARN_UNREACHABLE_CODE = YES;
				CLANG_WARN__DUPLICATE_METHOD_MATCH = YES;
				CODE_SIGN_IDENTITY = "iPhone Developer";
				COPY_PHASE_STRIP = NO;
				DEBUG_INFORMATION_FORMAT = dwarf;
				ENABLE_STRICT_OBJC_MSGSEND = YES;
				ENABLE_TESTABILITY = YES;
				GCC_C_LANGUAGE_STANDARD = gnu11;
				GCC_DYNAMIC_NO_PIC = NO;
				GCC_NO_COMMON_BLOCKS = YES;
				GCC_OPTIMIZATION_LEVEL = 0;
				GCC_PREPROCESSOR_DEFINITIONS = (
					"DEBUG=1",
					"$(inherited)",
				);
				GCC_WARN_64_TO_32_BIT_CONVERSION = YES;
				GCC_WARN_ABOUT_RETURN_TYPE = YES_ERROR;
				GCC_WARN_UNDECLARED_SELECTOR = YES;
				GCC_WARN_UNINITIALIZED_AUTOS = YES_AGGRESSIVE;
				GCC_WARN_UNUSED_FUNCTION = YES;
				GCC_WARN_UNUSED_VARIABLE = YES;
				IPHONEOS_DEPLOYMENT_TARGET = 12.2;
				MTL_ENABLE_DEBUG_INFO = INCLUDE_SOURCE;
				MTL_FAST_MATH = YES;
				ONLY_ACTIVE_ARCH = YES;
				SDKROOT = iphoneos;
				SWIFT_ACTIVE_COMPILATION_CONDITIONS = DEBUG;
				SWIFT_OPTIMIZATION_LEVEL = "-Onone";
				SWIFT_VERSION = 5.0;
			};
			name = Debug;
		};
		96E9821022BA070B00FA5D93 /* Release */ = {
			isa = XCBuildConfiguration;
			buildSettings = {
				ALWAYS_SEARCH_USER_PATHS = NO;
				CLANG_ANALYZER_NONNULL = YES;
				CLANG_ANALYZER_NUMBER_OBJECT_CONVERSION = YES_AGGRESSIVE;
				CLANG_CXX_LANGUAGE_STANDARD = "gnu++14";
				CLANG_CXX_LIBRARY = "libc++";
				CLANG_ENABLE_MODULES = YES;
				CLANG_ENABLE_OBJC_ARC = YES;
				CLANG_ENABLE_OBJC_WEAK = YES;
				CLANG_WARN_BLOCK_CAPTURE_AUTORELEASING = YES;
				CLANG_WARN_BOOL_CONVERSION = YES;
				CLANG_WARN_COMMA = YES;
				CLANG_WARN_CONSTANT_CONVERSION = YES;
				CLANG_WARN_DEPRECATED_OBJC_IMPLEMENTATIONS = YES;
				CLANG_WARN_DIRECT_OBJC_ISA_USAGE = YES_ERROR;
				CLANG_WARN_DOCUMENTATION_COMMENTS = YES;
				CLANG_WARN_EMPTY_BODY = YES;
				CLANG_WARN_ENUM_CONVERSION = YES;
				CLANG_WARN_INFINITE_RECURSION = YES;
				CLANG_WARN_INT_CONVERSION = YES;
				CLANG_WARN_NON_LITERAL_NULL_CONVERSION = YES;
				CLANG_WARN_OBJC_IMPLICIT_RETAIN_SELF = YES;
				CLANG_WARN_OBJC_LITERAL_CONVERSION = YES;
				CLANG_WARN_OBJC_ROOT_CLASS = YES_ERROR;
				CLANG_WARN_RANGE_LOOP_ANALYSIS = YES;
				CLANG_WARN_STRICT_PROTOTYPES = YES;
				CLANG_WARN_SUSPICIOUS_MOVE = YES;
				CLANG_WARN_UNGUARDED_AVAILABILITY = YES_AGGRESSIVE;
				CLANG_WARN_UNREACHABLE_CODE = YES;
				CLANG_WARN__DUPLICATE_METHOD_MATCH = YES;
				CODE_SIGN_IDENTITY = "iPhone Developer";
				COPY_PHASE_STRIP = NO;
				DEBUG_INFORMATION_FORMAT = "dwarf-with-dsym";
				ENABLE_NS_ASSERTIONS = NO;
				ENABLE_STRICT_OBJC_MSGSEND = YES;
				GCC_C_LANGUAGE_STANDARD = gnu11;
				GCC_NO_COMMON_BLOCKS = YES;
				GCC_WARN_64_TO_32_BIT_CONVERSION = YES;
				GCC_WARN_ABOUT_RETURN_TYPE = YES_ERROR;
				GCC_WARN_UNDECLARED_SELECTOR = YES;
				GCC_WARN_UNINITIALIZED_AUTOS = YES_AGGRESSIVE;
				GCC_WARN_UNUSED_FUNCTION = YES;
				GCC_WARN_UNUSED_VARIABLE = YES;
				IPHONEOS_DEPLOYMENT_TARGET = 12.2;
				MTL_ENABLE_DEBUG_INFO = NO;
				MTL_FAST_MATH = YES;
				SDKROOT = iphoneos;
				SWIFT_COMPILATION_MODE = wholemodule;
				SWIFT_OPTIMIZATION_LEVEL = "-O";
				SWIFT_VERSION = 5.0;
				VALIDATE_PRODUCT = YES;
			};
			name = Release;
		};
		96E9821222BA070B00FA5D93 /* Debug */ = {
			isa = XCBuildConfiguration;
			baseConfigurationReference = 47D840DE32F25F91AB41D029 /* Pods-Sosnick App.debug.xcconfig */;
			buildSettings = {
				ASSETCATALOG_COMPILER_APPICON_NAME = AppIcon;
				CODE_SIGN_ENTITLEMENTS = "Sosnick App/Sosnick App.entitlements";
				CODE_SIGN_STYLE = Automatic;
				DEVELOPMENT_TEAM = 8GR7S64MFK;
				INFOPLIST_FILE = "Sosnick App/Info.plist";
				LD_RUNPATH_SEARCH_PATHS = (
					"$(inherited)",
					"@executable_path/Frameworks",
				);
				PRODUCT_BUNDLE_IDENTIFIER = "com.danielydens.Sosnick-App";
				PRODUCT_NAME = "Apex Baseball";
				SWIFT_VERSION = 5.0;
				TARGETED_DEVICE_FAMILY = 1;
			};
			name = Debug;
		};
		96E9821322BA070B00FA5D93 /* Release */ = {
			isa = XCBuildConfiguration;
			baseConfigurationReference = 8A940AC81FBA6FFF33DB7319 /* Pods-Sosnick App.release.xcconfig */;
			buildSettings = {
				ASSETCATALOG_COMPILER_APPICON_NAME = AppIcon;
				CODE_SIGN_ENTITLEMENTS = "Sosnick App/Sosnick App.entitlements";
				CODE_SIGN_STYLE = Automatic;
				DEVELOPMENT_TEAM = 8GR7S64MFK;
				INFOPLIST_FILE = "Sosnick App/Info.plist";
				LD_RUNPATH_SEARCH_PATHS = (
					"$(inherited)",
					"@executable_path/Frameworks",
				);
				PRODUCT_BUNDLE_IDENTIFIER = "com.danielydens.Sosnick-App";
				PRODUCT_NAME = "Apex Baseball";
				SWIFT_VERSION = 5.0;
				TARGETED_DEVICE_FAMILY = 1;
			};
			name = Release;
		};
/* End XCBuildConfiguration section */

/* Begin XCConfigurationList section */
		96E981FA22BA070900FA5D93 /* Build configuration list for PBXProject "Apex Baseball" */ = {
			isa = XCConfigurationList;
			buildConfigurations = (
				96E9820F22BA070B00FA5D93 /* Debug */,
				96E9821022BA070B00FA5D93 /* Release */,
			);
			defaultConfigurationIsVisible = 0;
			defaultConfigurationName = Release;
		};
		96E9821122BA070B00FA5D93 /* Build configuration list for PBXNativeTarget "Apex Baseball" */ = {
			isa = XCConfigurationList;
			buildConfigurations = (
				96E9821222BA070B00FA5D93 /* Debug */,
				96E9821322BA070B00FA5D93 /* Release */,
			);
			defaultConfigurationIsVisible = 0;
			defaultConfigurationName = Release;
		};
/* End XCConfigurationList section */

/* Begin XCRemoteSwiftPackageReference section */
		960BBCA323B5C262008A5B24 /* XCRemoteSwiftPackageReference "OAuth2" */ = {
			isa = XCRemoteSwiftPackageReference;
			repositoryURL = "https://github.com/p2/OAuth2.git";
			requirement = {
				kind = upToNextMajorVersion;
				minimumVersion = 5.1.1;
			};
		};
/* End XCRemoteSwiftPackageReference section */

/* Begin XCSwiftPackageProductDependency section */
		960BBCA423B5C262008A5B24 /* OAuth2 */ = {
			isa = XCSwiftPackageProductDependency;
			package = 960BBCA323B5C262008A5B24 /* XCRemoteSwiftPackageReference "OAuth2" */;
			productName = OAuth2;
		};
/* End XCSwiftPackageProductDependency section */
	};
	rootObject = 96E981F722BA070900FA5D93 /* Project object */;
}
